
Microsoft Visual Studio Solution File, Format Version 12.00
# Visual Studio Version 17
VisualStudioVersion = 17.7.34031.279
MinimumVisualStudioVersion = 10.0.40219.1
Project("{9A19103F-16F7-4668-BE54-9A1E7A4F7556}") = "OnlineStore.Api", "Store\OnlineStore.Api.csproj", "{5AC90DD3-9585-44AC-B4C7-C4B95DB3CE46}"
EndProject
Project("{2150E333-8FDC-42A3-9474-1A3956D46DE8}") = "1_Gateway", "1_Gateway", "{A594F0A0-4E21-48AE-8199-DF88F2B19D69}"
EndProject
Project("{2150E333-8FDC-42A3-9474-1A3956D46DE8}") = "2_BusinessLogic", "2_BusinessLogic", "{0BE5C2B4-2B69-45A0-8CDD-7E69750ABD40}"
EndProject
Project("{2150E333-8FDC-42A3-9474-1A3956D46DE8}") = "3_ Data Access", "3_ Data Access", "{B89586EA-A831-44C6-938E-61AE72589C68}"
EndProject
Project("{2150E333-8FDC-42A3-9474-1A3956D46DE8}") = "4_Domain", "4_Domain", "{CEAF4696-6B7F-42BC-82F7-607CF3A2998C}"
EndProject
Project("{9A19103F-16F7-4668-BE54-9A1E7A4F7556}") = "OnlineStore.DataAccess", "OnlineStore.DataAccess\OnlineStore.DataAccess.csproj", "{7249E72D-A41D-4471-87B9-330B19EA3982}"
	ProjectSection(ProjectDependencies) = postProject
		{0A487A49-1AB9-4751-9E80-AABC6F7FBD93} = {0A487A49-1AB9-4751-9E80-AABC6F7FBD93}
	EndProjectSection
EndProject
Project("{9A19103F-16F7-4668-BE54-9A1E7A4F7556}") = "OnlineStore.Cms", "OnlineStore.Cms\OnlineStore.Cms.csproj", "{34348796-F7CC-4A67-818B-8B8C80D686C0}"
EndProject
Project("{9A19103F-16F7-4668-BE54-9A1E7A4F7556}") = "OnlineStore.BusinessLogic", "Services\OnlineStore.BusinessLogic.csproj", "{C26DC4EC-2488-4DE1-96C5-14B6FD3588AE}"
EndProject
Project("{9A19103F-16F7-4668-BE54-9A1E7A4F7556}") = "OnlineStore.Domain", "OnlineStore.Domain\OnlineStore.Domain.csproj", "{0A487A49-1AB9-4751-9E80-AABC6F7FBD93}"
EndProject
Global
	GlobalSection(SolutionConfigurationPlatforms) = preSolution
		Debug|Any CPU = Debug|Any CPU
		Release|Any CPU = Release|Any CPU
	EndGlobalSection
	GlobalSection(ProjectConfigurationPlatforms) = postSolution
		{5AC90DD3-9585-44AC-B4C7-C4B95DB3CE46}.Debug|Any CPU.ActiveCfg = Debug|Any CPU
		{5AC90DD3-9585-44AC-B4C7-C4B95DB3CE46}.Debug|Any CPU.Build.0 = Debug|Any CPU
		{5AC90DD3-9585-44AC-B4C7-C4B95DB3CE46}.Release|Any CPU.ActiveCfg = Release|Any CPU
		{5AC90DD3-9585-44AC-B4C7-C4B95DB3CE46}.Release|Any CPU.Build.0 = Release|Any CPU
		{7249E72D-A41D-4471-87B9-330B19EA3982}.Debug|Any CPU.ActiveCfg = Debug|Any CPU
		{7249E72D-A41D-4471-87B9-330B19EA3982}.Debug|Any CPU.Build.0 = Debug|Any CPU
		{7249E72D-A41D-4471-87B9-330B19EA3982}.Release|Any CPU.ActiveCfg = Release|Any CPU
		{7249E72D-A41D-4471-87B9-330B19EA3982}.Release|Any CPU.Build.0 = Release|Any CPU
		{34348796-F7CC-4A67-818B-8B8C80D686C0}.Debug|Any CPU.ActiveCfg = Debug|Any CPU
		{34348796-F7CC-4A67-818B-8B8C80D686C0}.Debug|Any CPU.Build.0 = Debug|Any CPU
		{34348796-F7CC-4A67-818B-8B8C80D686C0}.Release|Any CPU.ActiveCfg = Release|Any CPU
		{34348796-F7CC-4A67-818B-8B8C80D686C0}.Release|Any CPU.Build.0 = Release|Any CPU
		{C26DC4EC-2488-4DE1-96C5-14B6FD3588AE}.Debug|Any CPU.ActiveCfg = Debug|Any CPU
		{C26DC4EC-2488-4DE1-96C5-14B6FD3588AE}.Debug|Any CPU.Build.0 = Debug|Any CPU
		{C26DC4EC-2488-4DE1-96C5-14B6FD3588AE}.Release|Any CPU.ActiveCfg = Release|Any CPU
		{C26DC4EC-2488-4DE1-96C5-14B6FD3588AE}.Release|Any CPU.Build.0 = Release|Any CPU
		{0A487A49-1AB9-4751-9E80-AABC6F7FBD93}.Debug|Any CPU.ActiveCfg = Debug|Any CPU
		{0A487A49-1AB9-4751-9E80-AABC6F7FBD93}.Debug|Any CPU.Build.0 = Debug|Any CPU
		{0A487A49-1AB9-4751-9E80-AABC6F7FBD93}.Release|Any CPU.ActiveCfg = Release|Any CPU
		{0A487A49-1AB9-4751-9E80-AABC6F7FBD93}.Release|Any CPU.Build.0 = Release|Any CPU
	EndGlobalSection
	GlobalSection(SolutionProperties) = preSolution
		HideSolutionNode = FALSE
	EndGlobalSection
	GlobalSection(NestedProjects) = preSolution
		{5AC90DD3-9585-44AC-B4C7-C4B95DB3CE46} = {A594F0A0-4E21-48AE-8199-DF88F2B19D69}
		{7249E72D-A41D-4471-87B9-330B19EA3982} = {B89586EA-A831-44C6-938E-61AE72589C68}
		{34348796-F7CC-4A67-818B-8B8C80D686C0} = {A594F0A0-4E21-48AE-8199-DF88F2B19D69}
		{C26DC4EC-2488-4DE1-96C5-14B6FD3588AE} = {0BE5C2B4-2B69-45A0-8CDD-7E69750ABD40}
		{0A487A49-1AB9-4751-9E80-AABC6F7FBD93} = {CEAF4696-6B7F-42BC-82F7-607CF3A2998C}
	EndGlobalSection
	GlobalSection(ExtensibilityGlobals) = postSolution
		SolutionGuid = {BA2E3EE3-187C-43DB-BBFD-203A01110B6D}
	EndGlobalSection
EndGlobal
